<?xml version="1.0" encoding="utf-8"?>
<Project ToolsVersion="4.0" xmlns="http://schemas.microsoft.com/developer/msbuild/2003">
  <ItemGroup>
    <Filter Include="Файлы исходного кода">
      <UniqueIdentifier>{4FC737F1-C7A5-4376-A066-2A32D752A2FF}</UniqueIdentifier>
      <Extensions>cpp;c;cc;cxx;def;odl;idl;hpj;bat;asm;asmx</Extensions>
    </Filter>
    <Filter Include="Заголовочные файлы">
      <UniqueIdentifier>{93995380-89BD-4b04-88EB-625FBE52EBFB}</UniqueIdentifier>
      <Extensions>h;hh;hpp;hxx;hm;inl;inc;xsd</Extensions>
    </Filter>
    <Filter Include="Файлы ресурсов">
      <UniqueIdentifier>{67DA6AB6-F800-4c08-8B7A-83BB121AAD01}</UniqueIdentifier>
      <Extensions>rc;ico;cur;bmp;dlg;rc2;rct;bin;rgs;gif;jpg;jpeg;jpe;resx;tiff;tif;png;wav;mfcribbon-ms</Extensions>
    </Filter>
    <Filter Include="Файлы исходного кода\tinyxml">
      <UniqueIdentifier>{6411c5f6-287a-4865-bbaf-d7cdab90ea1d}</UniqueIdentifier>
    </Filter>
    <Filter Include="Заголовочные файлы\animation">
      <UniqueIdentifier>{fddb9a23-5c44-4601-ad76-af8135db629c}</UniqueIdentifier>
    </Filter>
    <Filter Include="Файлы исходного кода\animation">
      <UniqueIdentifier>{d6c794bb-c8fa-4e08-b24b-a5fa676490ee}</UniqueIdentifier>
    </Filter>
    <Filter Include="Файлы исходного кода\utils">
      <UniqueIdentifier>{34b6d44b-e886-4a79-99cb-00d50557fe2a}</UniqueIdentifier>
    </Filter>
    <Filter Include="Заголовочные файлы\utils">
      <UniqueIdentifier>{86e082e3-ad4d-485f-abd3-1d25e876182b}</UniqueIdentifier>
    </Filter>
    <Filter Include="Заголовочные файлы\map">
      <UniqueIdentifier>{aa2fa0a9-ed71-4eaa-862e-a32c2764b6f5}</UniqueIdentifier>
    </Filter>
    <Filter Include="Файлы исходного кода\map">
      <UniqueIdentifier>{f334c563-0a5e-4053-9afc-b32d304f4c88}</UniqueIdentifier>
    </Filter>
    <Filter Include="Файлы исходного кода\npc">
      <UniqueIdentifier>{db3a496a-a63b-4cdc-a6d8-bcab1b84f01a}</UniqueIdentifier>
    </Filter>
    <Filter Include="Заголовочные файлы\npc">
      <UniqueIdentifier>{4ec18fb5-bc2f-4806-9366-aaf33af03135}</UniqueIdentifier>
    </Filter>
    <Filter Include="Заголовочные файлы\entity">
      <UniqueIdentifier>{04589995-696e-4397-8b11-6b5c7085485e}</UniqueIdentifier>
    </Filter>
    <Filter Include="Файлы исходного кода\entity">
      <UniqueIdentifier>{c098c474-edbb-4fa6-b0d5-d0ce97f57052}</UniqueIdentifier>
    </Filter>
  </ItemGroup>
  <ItemGroup>
    <ClCompile Include="..\source\main\main.cpp">
      <Filter>Файлы исходного кода</Filter>
    </ClCompile>
    <ClCompile Include="..\source\game\game.cpp">
      <Filter>Файлы исходного кода</Filter>
    </ClCompile>
    <ClCompile Include="..\source\logger\logger.cpp">
      <Filter>Файлы исходного кода</Filter>
    </ClCompile>
    <ClCompile Include="..\source\scene\scene.cpp">
      <Filter>Файлы исходного кода</Filter>
    </ClCompile>
    <ClCompile Include="..\..\tinyxml\tinystr.cpp">
      <Filter>Файлы исходного кода\tinyxml</Filter>
    </ClCompile>
    <ClCompile Include="..\..\tinyxml\tinyxml.cpp">
      <Filter>Файлы исходного кода\tinyxml</Filter>
    </ClCompile>
    <ClCompile Include="..\..\tinyxml\tinyxmlerror.cpp">
      <Filter>Файлы исходного кода\tinyxml</Filter>
    </ClCompile>
    <ClCompile Include="..\..\tinyxml\tinyxmlparser.cpp">
      <Filter>Файлы исходного кода\tinyxml</Filter>
    </ClCompile>
    <ClCompile Include="..\source\animation\animation.cpp">
      <Filter>Файлы исходного кода\animation</Filter>
    </ClCompile>
    <ClCompile Include="..\source\animation\animation_list.cpp">
      <Filter>Файлы исходного кода\animation</Filter>
    </ClCompile>
    <ClCompile Include="..\source\utils\utils.cpp">
      <Filter>Файлы исходного кода\utils</Filter>
    </ClCompile>
    <ClCompile Include="..\source\map\map.cpp">
      <Filter>Файлы исходного кода\map</Filter>
    </ClCompile>
    <ClCompile Include="..\source\map\layers.cpp">
      <Filter>Файлы исходного кода\map</Filter>
    </ClCompile>
    <ClCompile Include="..\source\npc\npc.cpp">
      <Filter>Файлы исходного кода\npc</Filter>
    </ClCompile>
    <ClCompile Include="..\source\entity\entity.cpp">
      <Filter>Файлы исходного кода\entity</Filter>
    </ClCompile>
  </ItemGroup>
  <ItemGroup>
    <ClInclude Include="..\source\main\main.h">
      <Filter>Заголовочные файлы</Filter>
    </ClInclude>
    <ClInclude Include="..\source\game\game.h">
      <Filter>Заголовочные файлы</Filter>
    </ClInclude>
    <ClInclude Include="..\source\logger\logger.h">
      <Filter>Заголовочные файлы</Filter>
    </ClInclude>
    <ClInclude Include="..\source\scene\scene.h">
      <Filter>Заголовочные файлы</Filter>
    </ClInclude>
    <ClInclude Include="..\source\animation\animation.h">
      <Filter>Заголовочные файлы\animation</Filter>
    </ClInclude>
    <ClInclude Include="..\source\animation\animation_list.h">
      <Filter>Заголовочные файлы\animation</Filter>
    </ClInclude>
    <ClInclude Include="..\source\utils\utils.h">
      <Filter>Заголовочные файлы\utils</Filter>
    </ClInclude>
    <ClInclude Include="..\source\map\map.h">
      <Filter>Заголовочные файлы\map</Filter>
    </ClInclude>
    <ClInclude Include="..\source\map\layers.h">
      <Filter>Заголовочные файлы\map</Filter>
    </ClInclude>
    <ClInclude Include="..\source\npc\npc.h">
      <Filter>Заголовочные файлы\npc</Filter>
    </ClInclude>
    <ClInclude Include="..\source\entity\entity.h">
      <Filter>Заголовочные файлы\entity</Filter>
    </ClInclude>
  </ItemGroup>
</Project>